{
  "name": "adonis-connector",
  "version": "0.1.6",
  "lockfileVersion": 1,
  "requires": true,
  "dependencies": {
    "@adonisjs/generic-exceptions": {
      "version": "3.0.1",
      "resolved": "https://registry.npmjs.org/@adonisjs/generic-exceptions/-/generic-exceptions-3.0.1.tgz",
      "integrity": "sha512-AHBSvgKj17cQYkj7QL7la8KCB6WeBQPyHlgzX9nimLPY9ViWWmwozuy2skEjsh7+XNIg8vQdZphJyoIf8QzzCQ==",
      "requires": {
        "node-exceptions": "^4.0.1",
        "upcast": "^4.0.0"
      }
    },
    "debug": {
      "version": "4.3.1",
      "resolved": "https://registry.npmjs.org/debug/-/debug-4.3.1.tgz",
      "integrity": "sha512-doEwdvm4PCeK4K3RQN2ZC2BYUBaxwLARCqZmMjtF8a51J2Rb0xpVloFRnCODwqjpwnAoao4pelN8l3RJdv3gRQ==",
      "requires": {
        "ms": "2.1.2"
      }
    },
    "esm": {
      "version": "3.2.25",
      "resolved": "https://registry.npmjs.org/esm/-/esm-3.2.25.tgz",
      "integrity": "sha512-U1suiZ2oDVWv4zPO56S0NcR5QriEahGtdN2OR6FiOG4WJvcjBVFB0qI4+eKoWFH483PKGuLuu6V8Z4T5g63UVA=="
    },
    "ms": {
      "version": "2.1.2",
      "resolved": "https://registry.npmjs.org/ms/-/ms-2.1.2.tgz",
      "integrity": "sha512-sGkPx+VjMtmA6MX27oA4FBFELFCZZ4S4XqeGOXCv68tT+jb3vk/RyaKWP0PTKyWtmLSM0b+adUTEvbs1PEaH2w=="
    },
    "node-exceptions": {
      "version": "4.0.1",
      "resolved": "https://registry.npmjs.org/node-exceptions/-/node-exceptions-4.0.1.tgz",
      "integrity": "sha512-KJI+FawYOv74x60H6+zrBPfO2vvp9m0pHZi6SH8BBBuc67Irv11DsqY4Le4EBFq1/T5aXFU3hkLrMgtW7RNXxA=="
    },
    "promiseo": {
      "version": "0.1.2",
      "resolved": "https://registry.npmjs.org/promiseo/-/promiseo-0.1.2.tgz",
      "integrity": "sha512-LWHmvTdqnBw61wJRaRsYSLVEYO7RHlq9YiP2avf4Gi1zBe9+qJU3YzlArhNTcJB++cOMai5zcGdQUIWuZpNhbQ=="
    },
    "require-all": {
      "version": "3.0.0",
      "resolved": "https://registry.npmjs.org/require-all/-/require-all-3.0.0.tgz",
      "integrity": "sha1-Rz1JcEvjEBFc4ST3c4Ox69hnExI="
    },
    "upcast": {
      "version": "4.0.0",
      "resolved": "https://registry.npmjs.org/upcast/-/upcast-4.0.0.tgz",
      "integrity": "sha512-LS0LmQtEPyyM3Zk4Bb7dNpDVha0xD4Z/Ne3zAqal0hCU/nYjoYU7qic2MPKB+Lu+3h5vKSe2iVqvYnZjmLrAyQ==",
      "requires": {
        "esm": "^3.0.84"
      }
    },
    "vue": {
      "version": "2.6.11",
      "resolved": "https://registry.npmjs.org/vue/-/vue-2.6.11.tgz",
      "integrity": "sha512-VfPwgcGABbGAue9+sfrD4PuwFar7gPb1yl1UK1MwXoQPAw0BKSqWfoYCT/ThFrdEVWoI51dBuyCoiNU9bZDZxQ=="
    },
    "vue-i18n": {
      "version": "8.15.3",
      "resolved": "https://registry.npmjs.org/vue-i18n/-/vue-i18n-8.15.3.tgz",
      "integrity": "sha512-PVNgo6yhOmacZVFjSapZ314oewwLyXHjJwAqjnaPN1GJAJd/dvsrShGzSiJuCX4Hc36G4epJvNXUwO8y7wEKew=="
    }
  }
}
